{"manifest-hash":"a736150017e414ff3490270ca59fe6f538ead9f384db2b021ec5faaf69d37be0","packages":[{"dependencies":{"tray":"nixosctl_tray"},"manifest-hash":"0cd645eb958ed29500b44acecabf45d943a84419bab3f5c83e26bed7af59f7cb","name":"nixosctl","source":{"path":"."}},{"dependencies":{},"manifest-hash":"8b473dae75a48e7529db0229e80a53e29857308126aa2be4c4737b9aaf7c0236","name":"nixosctl_tray","source":{"path":"tray"}}],"root":"nixosctl","schema":3}